// !$*UTF8*$!
{
	archiveVersion = 1;
	classes = {
	};
	objectVersion = 46;
	objects = {

/* Begin PBXBuildFile section */
		8014D7FB19F1BAE500C65864 /* main.m in Sources */ = {isa = PBXBuildFile; fileRef = 8014D7FA19F1BAE500C65864 /* main.m */; };
		8014D7FE19F1BAE500C65864 /* AppDelegate.m in Sources */ = {isa = PBXBuildFile; fileRef = 8014D7FD19F1BAE500C65864 /* AppDelegate.m */; };
		8014D80119F1BAE500C65864 /* GameScene.m in Sources */ = {isa = PBXBuildFile; fileRef = 8014D80019F1BAE500C65864 /* GameScene.m */; };
		8014D80619F1BAE500C65864 /* GameViewController.m in Sources */ = {isa = PBXBuildFile; fileRef = 8014D80519F1BAE500C65864 /* GameViewController.m */; };
		8014D80919F1BAE500C65864 /* Main.storyboard in Resources */ = {isa = PBXBuildFile; fileRef = 8014D80719F1BAE500C65864 /* Main.storyboard */; };
		8014D80B19F1BAE500C65864 /* Images.xcassets in Resources */ = {isa = PBXBuildFile; fileRef = 8014D80A19F1BAE500C65864 /* Images.xcassets */; };
		8014D80E19F1BAE500C65864 /* LaunchScreen.xib in Resources */ = {isa = PBXBuildFile; fileRef = 8014D80C19F1BAE500C65864 /* LaunchScreen.xib */; };
		8014D81A19F1BAE500C65864 /* cropTestTests.m in Sources */ = {isa = PBXBuildFile; fileRef = 8014D81919F1BAE500C65864 /* cropTestTests.m */; };
		8014D82419F1C1C400C65864 /* Spaceship.png in Resources */ = {isa = PBXBuildFile; fileRef = 8014D82319F1C1C400C65864 /* Spaceship.png */; };
/* End PBXBuildFile section */

/* Begin PBXContainerItemProxy section */
		8014D81419F1BAE500C65864 /* PBXContainerItemProxy */ = {
			isa = PBXContainerItemProxy;
			containerPortal = 8014D7ED19F1BAE500C65864 /* Project object */;
			proxyType = 1;
			remoteGlobalIDString = 8014D7F419F1BAE500C65864;
			remoteInfo = cropTest;
		};
/* End PBXContainerItemProxy section */

/* Begin PBXFileReference section */
		8014D7F519F1BAE500C65864 /* cropTest.app */ = {isa = PBXFileReference; explicitFileType = wrapper.application; includeInIndex = 0; path = cropTest.app; sourceTree = BUILT_PRODUCTS_DIR; };
		8014D7F919F1BAE500C65864 /* Info.plist */ = {isa = PBXFileReference; lastKnownFileType = text.plist.xml; path = Info.plist; sourceTree = "<group>"; };
		8014D7FA19F1BAE500C65864 /* main.m */ = {isa = PBXFileReference; lastKnownFileType = sourcecode.c.objc; path = main.m; sourceTree = "<group>"; };
		8014D7FC19F1BAE500C65864 /* AppDelegate.h */ = {isa = PBXFileReference; lastKnownFileType = sourcecode.c.h; path = AppDelegate.h; sourceTree = "<group>"; };
		8014D7FD19F1BAE500C65864 /* AppDelegate.m */ = {isa = PBXFileReference; lastKnownFileType = sourcecode.c.objc; path = AppDelegate.m; sourceTree = "<group>"; };
		8014D7FF19F1BAE500C65864 /* GameScene.h */ = {isa = PBXFileReference; lastKnownFileType = sourcecode.c.h; path = GameScene.h; sourceTree = "<group>"; };
		8014D80019F1BAE500C65864 /* GameScene.m */ = {isa = PBXFileReference; lastKnownFileType = sourcecode.c.objc; path = GameScene.m; sourceTree = "<group>"; };
		8014D80419F1BAE500C65864 /* GameViewController.h */ = {isa = PBXFileReference; lastKnownFileType = sourcecode.c.h; path = GameViewController.h; sourceTree = "<group>"; };
		8014D80519F1BAE500C65864 /* GameViewController.m */ = {isa = PBXFileReference; lastKnownFileType = sourcecode.c.objc; path = GameViewController.m; sourceTree = "<group>"; };
		8014D80819F1BAE500C65864 /* Base */ = {isa = PBXFileReference; lastKnownFileType = file.storyboard; name = Base; path = Base.lproj/Main.storyboard; sourceTree = "<group>"; };
		8014D80A19F1BAE500C65864 /* Images.xcassets */ = {isa = PBXFileReference; lastKnownFileType = folder.assetcatalog; path = Images.xcassets; sourceTree = "<group>"; };
		8014D80D19F1BAE500C65864 /* Base */ = {isa = PBXFileReference; lastKnownFileType = file.xib; name = Base; path = Base.lproj/LaunchScreen.xib; sourceTree = "<group>"; };
		8014D81319F1BAE500C65864 /* cropTestTests.xctest */ = {isa = PBXFileReference; explicitFileType = wrapper.cfbundle; includeInIndex = 0; path = cropTestTests.xctest; sourceTree = BUILT_PRODUCTS_DIR; };
		8014D81819F1BAE500C65864 /* Info.plist */ = {isa = PBXFileReference; lastKnownFileType = text.plist.xml; path = Info.plist; sourceTree = "<group>"; };
		8014D81919F1BAE500C65864 /* cropTestTests.m */ = {isa = PBXFileReference; lastKnownFileType = sourcecode.c.objc; path = cropTestTests.m; sourceTree = "<group>"; };
		8014D82319F1C1C400C65864 /* Spaceship.png */ = {isa = PBXFileReference; lastKnownFileType = image.png; name = Spaceship.png; path = Images.xcassets/Spaceship.imageset/Spaceship.png; sourceTree = "<group>"; };
/* End PBXFileReference section */

/* Begin PBXFrameworksBuildPhase section */
		8014D7F219F1BAE500C65864 /* Frameworks */ = {
			isa = PBXFrameworksBuildPhase;
			buildActionMask = 2147483647;
			files = (
			);
			runOnlyForDeploymentPostprocessing = 0;
		};
		8014D81019F1BAE500C65864 /* Frameworks */ = {
			isa = PBXFrameworksBuildPhase;
			buildActionMask = 2147483647;
			files = (
			);
			runOnlyForDeploymentPostprocessing = 0;
		};
/* End PBXFrameworksBuildPhase section */

/* Begin PBXGroup section */
		8014D7EC19F1BAE500C65864 = {
			isa = PBXGroup;
			children = (
				8014D7F719F1BAE500C65864 /* cropTest */,
				8014D81619F1BAE500C65864 /* cropTestTests */,
				8014D7F619F1BAE500C65864 /* Products */,
			);
			sourceTree = "<group>";
		};
		8014D7F619F1BAE500C65864 /* Products */ = {
			isa = PBXGroup;
			children = (
				8014D7F519F1BAE500C65864 /* cropTest.app */,
				8014D81319F1BAE500C65864 /* cropTestTests.xctest */,
			);
			name = Products;
			sourceTree = "<group>";
		};
		8014D7F719F1BAE500C65864 /* cropTest */ = {
			isa = PBXGroup;
			children = (
				8014D7FC19F1BAE500C65864 /* AppDelegate.h */,
				8014D7FD19F1BAE500C65864 /* AppDelegate.m */,
				8014D7FF19F1BAE500C65864 /* GameScene.h */,
				8014D80019F1BAE500C65864 /* GameScene.m */,
				8014D80419F1BAE500C65864 /* GameViewController.h */,
				8014D80519F1BAE500C65864 /* GameViewController.m */,
				8014D80719F1BAE500C65864 /* Main.storyboard */,
				8014D80A19F1BAE500C65864 /* Images.xcassets */,
				8014D80C19F1BAE500C65864 /* LaunchScreen.xib */,
				8014D82319F1C1C400C65864 /* Spaceship.png */,
				8014D7F819F1BAE500C65864 /* Supporting Files */,
			);
			path = cropTest;
			sourceTree = "<group>";
		};
		8014D7F819F1BAE500C65864 /* Supporting Files */ = {
			isa = PBXGroup;
			children = (
				8014D7F919F1BAE500C65864 /* Info.plist */,
				8014D7FA19F1BAE500C65864 /* main.m */,
			);
			name = "Supporting Files";
			sourceTree = "<group>";
		};
		8014D81619F1BAE500C65864 /* cropTestTests */ = {
			isa = PBXGroup;
			children = (
				8014D81919F1BAE500C65864 /* cropTestTests.m */,
				8014D81719F1BAE500C65864 /* Supporting Files */,
			);
			path = cropTestTests;
			sourceTree = "<group>";
		};
		8014D81719F1BAE500C65864 /* Supporting Files */ = {
			isa = PBXGroup;
			children = (
				8014D81819F1BAE500C65864 /* Info.plist */,
			);
			name = "Supporting Files";
			sourceTree = "<group>";
		};
/* End PBXGroup section */

/* Begin PBXNativeTarget section */
		8014D7F419F1BAE500C65864 /* cropTest */ = {
			isa = PBXNativeTarget;
			buildConfigurationList = 8014D81D19F1BAE500C65864 /* Build configuration list for PBXNativeTarget "cropTest" */;
			buildPhases = (
				8014D7F119F1BAE500C65864 /* Sources */,
				8014D7F219F1BAE500C65864 /* Frameworks */,
				8014D7F319F1BAE500C65864 /* Resources */,
			);
			buildRules = (
			);
			dependencies = (
			);
			name = cropTest;
			productName = cropTest;
			productReference = 8014D7F519F1BAE500C65864 /* cropTest.app */;
			productType = "com.apple.product-type.application";
		};
		8014D81219F1BAE500C65864 /* cropTestTests */ = {
			isa = PBXNativeTarget;
			buildConfigurationList = 8014D82019F1BAE500C65864 /* Build configuration list for PBXNativeTarget "cropTestTests" */;
			buildPhases = (
				8014D80F19F1BAE500C65864 /* Sources */,
				8014D81019F1BAE500C65864 /* Frameworks */,
				8014D81119F1BAE500C65864 /* Resources */,
			);
			buildRules = (
			);
			dependencies = (
				8014D81519F1BAE500C65864 /* PBXTargetDependency */,
			);
			name = cropTestTests;
			productName = cropTestTests;
			productReference = 8014D81319F1BAE500C65864 /* cropTestTests.xctest */;
			productType = "com.apple.product-type.bundle.unit-test";
		};
/* End PBXNativeTarget section */

/* Begin PBXProject section */
		8014D7ED19F1BAE500C65864 /* Project object */ = {
			isa = PBXProject;
			attributes = {
				LastUpgradeCheck = 0600;
				ORGANIZATIONNAME = "Robert Linnemann";
				TargetAttributes = {
					8014D7F419F1BAE500C65864 = {
						CreatedOnToolsVersion = 6.0.1;
					};
					8014D81219F1BAE500C65864 = {
						CreatedOnToolsVersion = 6.0.1;
						TestTargetID = 8014D7F419F1BAE500C65864;
					};
				};
			};
			buildConfigurationList = 8014D7F019F1BAE500C65864 /* Build configuration list for PBXProject "cropTest" */;
			compatibilityVersion = "Xcode 3.2";
			developmentRegion = English;
			hasScannedForEncodings = 0;
			knownRegions = (
				en,
				Base,
			);
			mainGroup = 8014D7EC19F1BAE500C65864;
			productRefGroup = 8014D7F619F1BAE500C65864 /* Products */;
			projectDirPath = "";
			projectRoot = "";
			targets = (
				8014D7F419F1BAE500C65864 /* cropTest */,
				8014D81219F1BAE500C65864 /* cropTestTests */,
			);
		};
/* End PBXProject section */

/* Begin PBXResourcesBuildPhase section */
		8014D7F319F1BAE500C65864 /* Resources */ = {
			isa = PBXResourcesBuildPhase;
			buildActionMask = 2147483647;
			files = (
				8014D82419F1C1C400C65864 /* Spaceship.png in Resources */,
				8014D80E19F1BAE500C65864 /* LaunchScreen.xib in Resources */,
				8014D80B19F1BAE500C65864 /* Images.xcassets in Resources */,
				8014D80919F1BAE500C65864 /* Main.storyboard in Resources */,
			);
			runOnlyForDeploymentPostprocessing = 0;
		};
		8014D81119F1BAE500C65864 /* Resources */ = {
			isa = PBXResourcesBuildPhase;
			buildActionMask = 2147483647;
			files = (
			);
			runOnlyForDeploymentPostprocessing = 0;
		};
/* End PBXResourcesBuildPhase section */

/* Begin PBXSourcesBuildPhase section */
		8014D7F119F1BAE500C65864 /* Sources */ = {
			isa = PBXSourcesBuildPhase;
			buildActionMask = 2147483647;
			files = (
				8014D80619F1BAE500C65864 /* GameViewController.m in Sources */,
				8014D7FE19F1BAE500C65864 /* AppDelegate.m in Sources */,
				8014D80119F1BAE500C65864 /* GameScene.m in Sources */,
				8014D7FB19F1BAE500C65864 /* main.m in Sources */,
			);
			runOnlyForDeploymentPostprocessing = 0;
		};
		8014D80F19F1BAE500C65864 /* Sources */ = {
			isa = PBXSourcesBuildPhase;
			buildActionMask = 2147483647;
			files = (
				8014D81A19F1BAE500C65864 /* cropTestTests.m in Sources */,
			);
			runOnlyForDeploymentPostprocessing = 0;
		};
/* End PBXSourcesBuildPhase section */

/* Begin PBXTargetDependency section */
		8014D81519F1BAE500C65864 /* PBXTargetDependency */ = {
			isa = PBXTargetDependency;
			target = 8014D7F419F1BAE500C65864 /* cropTest */;
			targetProxy = 8014D81419F1BAE500C65864 /* PBXContainerItemProxy */;
		};
/* End PBXTargetDependency section */

/* Begin PBXVariantGroup section */
		8014D80719F1BAE500C65864 /* Main.storyboard */ = {
			isa = PBXVariantGroup;
			children = (
				8014D80819F1BAE500C65864 /* Base */,
			);
			name = Main.storyboard;
			sourceTree = "<group>";
		};
		8014D80C19F1BAE500C65864 /* LaunchScreen.xib */ = {
			isa = PBXVariantGroup;
			children = (
				8014D80D19F1BAE500C65864 /* Base */,
			);
			name = LaunchScreen.xib;
			sourceTree = "<group>";
		};
/* End PBXVariantGroup section */

/* Begin XCBuildConfiguration section */
		8014D81B19F1BAE500C65864 /* Debug */ = {
			isa = XCBuildConfiguration;
			buildSettings = {
				ALWAYS_SEARCH_USER_PATHS = NO;
				CLANG_CXX_LANGUAGE_STANDARD = "gnu++0x";
				CLANG_CXX_LIBRARY = "libc++";
				CLANG_ENABLE_MODULES = YES;
				CLANG_ENABLE_OBJC_ARC = YES;
				CLANG_WARN_BOOL_CONVERSION = YES;
				CLANG_WARN_CONSTANT_CONVERSION = YES;
				CLANG_WARN_DIRECT_OBJC_ISA_USAGE = YES_ERROR;
				CLANG_WARN_EMPTY_BODY = YES;
				CLANG_WARN_ENUM_CONVERSION = YES;
				CLANG_WARN_INT_CONVERSION = YES;
				CLANG_WARN_OBJC_ROOT_CLASS = YES_ERROR;
				CLANG_WARN_UNREACHABLE_CODE = YES;
				CLANG_WARN__DUPLICATE_METHOD_MATCH = YES;
				"CODE_SIGN_IDENTITY[sdk=iphoneos*]" = "iPhone Developer";
				COPY_PHASE_STRIP = NO;
				ENABLE_STRICT_OBJC_MSGSEND = YES;
				GCC_C_LANGUAGE_STANDARD = gnu99;
				GCC_DYNAMIC_NO_PIC = NO;
				GCC_OPTIMIZATION_LEVEL = 0;
				GCC_PREPROCESSOR_DEFINITIONS = (
					"DEBUG=1",
					"$(inherited)",
				);
				GCC_SYMBOLS_PRIVATE_EXTERN = NO;
				GCC_WARN_64_TO_32_BIT_CONVERSION = YES;
				GCC_WARN_ABOUT_RETURN_TYPE = YES_ERROR;
				GCC_WARN_UNDECLARED_SELECTOR = YES;
				GCC_WARN_UNINITIALIZED_AUTOS = YES_AGGRESSIVE;
				GCC_WARN_UNUSED_FUNCTION = YES;
				GCC_WARN_UNUSED_VARIABLE = YES;
				IPHONEOS_DEPLOYMENT_TARGET = 8.0;
				MTL_ENABLE_DEBUG_INFO = YES;
				ONLY_ACTIVE_ARCH = YES;
				SDKROOT = iphoneos;
			};
			name = Debug;
		};
		8014D81C19F1BAE500C65864 /* Release */ = {
			isa = XCBuildConfiguration;
			buildSettings = {
				ALWAYS_SEARCH_USER_PATHS = NO;
				CLANG_CXX_LANGUAGE_STANDARD = "gnu++0x";
				CLANG_CXX_LIBRARY = "libc++";
				CLANG_ENABLE_MODULES = YES;
				CLANG_ENABLE_OBJC_ARC = YES;
				CLANG_WARN_BOOL_CONVERSION = YES;
				CLANG_WARN_CONSTANT_CONVERSION = YES;
				CLANG_WARN_DIRECT_OBJC_ISA_USAGE = YES_ERROR;
				CLANG_WARN_EMPTY_BODY = YES;
				CLANG_WARN_ENUM_CONVERSION = YES;
				CLANG_WARN_INT_CONVERSION = YES;
				CLANG_WARN_OBJC_ROOT_CLASS = YES_ERROR;
				CLANG_WARN_UNREACHABLE_CODE = YES;
				CLANG_WARN__DUPLICATE_METHOD_MATCH = YES;
				"CODE_SIGN_IDENTITY[sdk=iphoneos*]" = "iPhone Developer";
				COPY_PHASE_STRIP = YES;
				ENABLE_NS_ASSERTIONS = NO;
				ENABLE_STRICT_OBJC_MSGSEND = YES;
				GCC_C_LANGUAGE_STANDARD = gnu99;
				GCC_WARN_64_TO_32_BIT_CONVERSION = YES;
				GCC_WARN_ABOUT_RETURN_TYPE = YES_ERROR;
				GCC_WARN_UNDECLARED_SELECTOR = YES;
				GCC_WARN_UNINITIALIZED_AUTOS = YES_AGGRESSIVE;
				GCC_WARN_UNUSED_FUNCTION = YES;
				GCC_WARN_UNUSED_VARIABLE = YES;
				IPHONEOS_DEPLOYMENT_TARGET = 8.0;
				MTL_ENABLE_DEBUG_INFO = NO;
				SDKROOT = iphoneos;
				VALIDATE_PRODUCT = YES;
			};
			name = Release;
		};
		8014D81E19F1BAE500C65864 /* Debug */ = {
			isa = XCBuildConfiguration;
			buildSettings = {
				ASSETCATALOG_COMPILER_APPICON_NAME = AppIcon;
				INFOPLIST_FILE = cropTest/Info.plist;
				LD_RUNPATH_SEARCH_PATHS = "$(inherited) @executable_path/Frameworks";
				PRODUCT_NAME = "$(TARGET_NAME)";
			};
			name = Debug;
		};
		8014D81F19F1BAE500C65864 /* Release */ = {
			isa = XCBuildConfiguration;
			buildSettings = {
				ASSETCATALOG_COMPILER_APPICON_NAME = AppIcon;
				INFOPLIST_FILE = cropTest/Info.plist;
				LD_RUNPATH_SEARCH_PATHS = "$(inherited) @executable_path/Frameworks";
				PRODUCT_NAME = "$(TARGET_NAME)";
			};
			name = Release;
		};
		8014D82119F1BAE500C65864 /* Debug */ = {
			isa = XCBuildConfiguration;
			buildSettings = {
				BUNDLE_LOADER = "$(TEST_HOST)";
				FRAMEWORK_SEARCH_PATHS = (
					"$(SDKROOT)/Developer/Library/Frameworks",
					"$(inherited)",
				);
				GCC_PREPROCESSOR_DEFINITIONS = (
					"DEBUG=1",
					"$(inherited)",
				);
				INFOPLIST_FILE = cropTestTests/Info.plist;
				LD_RUNPATH_SEARCH_PATHS = "$(inherited) @executable_path/Frameworks @loader_path/Frameworks";
				PRODUCT_NAME = "$(TARGET_NAME)";
				TEST_HOST = "$(BUILT_PRODUCTS_DIR)/cropTest.app/cropTest";
			};
			name = Debug;
		};
		8014D82219F1BAE500C65864 /* Release */ = {
			isa = XCBuildConfiguration;
			buildSettings = {
				BUNDLE_LOADER = "$(TEST_HOST)";
				FRAMEWORK_SEARCH_PATHS = (
					"$(SDKROOT)/Developer/Library/Frameworks",
					"$(inherited)",
				);
				INFOPLIST_FILE = cropTestTests/Info.plist;
				LD_RUNPATH_SEARCH_PATHS = "$(inherited) @executable_path/Frameworks @loader_path/Frameworks";
				PRODUCT_NAME = "$(TARGET_NAME)";
				TEST_HOST = "$(BUILT_PRODUCTS_DIR)/cropTest.app/cropTest";
			};
			name = Release;
		};
/* End XCBuildConfiguration section */

/* Begin XCConfigurationList section */
		8014D7F019F1BAE500C65864 /* Build configuration list for PBXProject "cropTest" */ = {
			isa = XCConfigurationList;
			buildConfigurations = (
				8014D81B19F1BAE500C65864 /* Debug */,
				8014D81C19F1BAE500C65864 /* Release */,
			);
			defaultConfigurationIsVisible = 0;
			defaultConfigurationName = Release;
		};
		8014D81D19F1BAE500C65864 /* Build configuration list for PBXNativeTarget "cropTest" */ = {
			isa = XCConfigurationList;
			buildConfigurations = (
				8014D81E19F1BAE500C65864 /* Debug */,
				8014D81F19F1BAE500C65864 /* Release */,
			);
			defaultConfigurationIsVisible = 0;
		};
		8014D82019F1BAE500C65864 /* Build configuration list for PBXNativeTarget "cropTestTests" */ = {
			isa = XCConfigurationList;
			buildConfigurations = (
				8014D82119F1BAE500C65864 /* Debug */,
				8014D82219F1BAE500C65864 /* Release */,
			);
			defaultConfigurationIsVisible = 0;
		};
/* End XCConfigurationList section */
	};
	rootObject = 8014D7ED19F1BAE500C65864 /* Project object */;
}
